
Microsoft Visual Studio Solution File, Format Version 12.00
# Visual Studio Version 16
VisualStudioVersion = 16.0.28803.202
MinimumVisualStudioVersion = 10.0.40219.1
Project("{FAE04EC0-301F-11D3-BF4B-00C04F79EFBC}") = "DI.Example.Web", "DI.Example.Web\DI.Example.Web.csproj", "{C5F6205D-A15D-4887-9DB7-576303834501}"
EndProject
Project("{FAE04EC0-301F-11D3-BF4B-00C04F79EFBC}") = "DI.Example.Data", "DI.Example.Data\DI.Example.Data.csproj", "{07860EB0-5849-47EF-9315-7FD4643B37C0}"
EndProject
Project("{FAE04EC0-301F-11D3-BF4B-00C04F79EFBC}") = "DI.Example.Entities", "DI.Example.Entities\DI.Example.Entities.csproj", "{1CBE4EC4-8763-4E44-8DEE-BDE399E7C7D0}"
EndProject
Project("{FAE04EC0-301F-11D3-BF4B-00C04F79EFBC}") = "DI.Example.Services", "DI.Example.Services\DI.Example.Services.csproj", "{E3AB7AB5-C76E-4859-B410-63106162A085}"
EndProject
Project("{FAE04EC0-301F-11D3-BF4B-00C04F79EFBC}") = "DI.Example.UnitTests", "DI.Example.UnitTests\DI.Example.UnitTests.csproj", "{96FCA54D-A656-485F-9799-30C881B01A0B}"
EndProject
Global
	GlobalSection(SolutionConfigurationPlatforms) = preSolution
		Debug|Any CPU = Debug|Any CPU
		Release|Any CPU = Release|Any CPU
	EndGlobalSection
	GlobalSection(ProjectConfigurationPlatforms) = postSolution
		{C5F6205D-A15D-4887-9DB7-576303834501}.Debug|Any CPU.ActiveCfg = Debug|Any CPU
		{C5F6205D-A15D-4887-9DB7-576303834501}.Debug|Any CPU.Build.0 = Debug|Any CPU
		{C5F6205D-A15D-4887-9DB7-576303834501}.Release|Any CPU.ActiveCfg = Release|Any CPU
		{C5F6205D-A15D-4887-9DB7-576303834501}.Release|Any CPU.Build.0 = Release|Any CPU
		{07860EB0-5849-47EF-9315-7FD4643B37C0}.Debug|Any CPU.ActiveCfg = Debug|Any CPU
		{07860EB0-5849-47EF-9315-7FD4643B37C0}.Debug|Any CPU.Build.0 = Debug|Any CPU
		{07860EB0-5849-47EF-9315-7FD4643B37C0}.Release|Any CPU.ActiveCfg = Release|Any CPU
		{07860EB0-5849-47EF-9315-7FD4643B37C0}.Release|Any CPU.Build.0 = Release|Any CPU
		{1CBE4EC4-8763-4E44-8DEE-BDE399E7C7D0}.Debug|Any CPU.ActiveCfg = Debug|Any CPU
		{1CBE4EC4-8763-4E44-8DEE-BDE399E7C7D0}.Debug|Any CPU.Build.0 = Debug|Any CPU
		{1CBE4EC4-8763-4E44-8DEE-BDE399E7C7D0}.Release|Any CPU.ActiveCfg = Release|Any CPU
		{1CBE4EC4-8763-4E44-8DEE-BDE399E7C7D0}.Release|Any CPU.Build.0 = Release|Any CPU
		{E3AB7AB5-C76E-4859-B410-63106162A085}.Debug|Any CPU.ActiveCfg = Debug|Any CPU
		{E3AB7AB5-C76E-4859-B410-63106162A085}.Debug|Any CPU.Build.0 = Debug|Any CPU
		{E3AB7AB5-C76E-4859-B410-63106162A085}.Release|Any CPU.ActiveCfg = Release|Any CPU
		{E3AB7AB5-C76E-4859-B410-63106162A085}.Release|Any CPU.Build.0 = Release|Any CPU
		{96FCA54D-A656-485F-9799-30C881B01A0B}.Debug|Any CPU.ActiveCfg = Debug|Any CPU
		{96FCA54D-A656-485F-9799-30C881B01A0B}.Debug|Any CPU.Build.0 = Debug|Any CPU
		{96FCA54D-A656-485F-9799-30C881B01A0B}.Release|Any CPU.ActiveCfg = Release|Any CPU
		{96FCA54D-A656-485F-9799-30C881B01A0B}.Release|Any CPU.Build.0 = Release|Any CPU
	EndGlobalSection
	GlobalSection(SolutionProperties) = preSolution
		HideSolutionNode = FALSE
	EndGlobalSection
	GlobalSection(ExtensibilityGlobals) = postSolution
		SolutionGuid = {5B631FB1-6ABC-47A0-AB77-723AEA93EE18}
	EndGlobalSection
EndGlobal
